
Microsoft Visual Studio Solution File, Format Version 12.00
# Visual Studio Version 17
VisualStudioVersion = 17.5.33627.172
MinimumVisualStudioVersion = 10.0.40219.1
Project("{FAE04EC0-301F-11D3-BF4B-00C04F79EFBC}") = "TestCasesGreatestProduct", "TestCasesGreatestProduct\TestCasesGreatestProduct.csproj", "{05C2AD0B-3B03-44FB-A419-F46332B7AAA6}"
EndProject
Global
	GlobalSection(SolutionConfigurationPlatforms) = preSolution
		Debug|Any CPU = Debug|Any CPU
		Release|Any CPU = Release|Any CPU
	EndGlobalSection
	GlobalSection(ProjectConfigurationPlatforms) = postSolution
		{05C2AD0B-3B03-44FB-A419-F46332B7AAA6}.Debug|Any CPU.ActiveCfg = Debug|Any CPU
		{05C2AD0B-3B03-44FB-A419-F46332B7AAA6}.Debug|Any CPU.Build.0 = Debug|Any CPU
		{05C2AD0B-3B03-44FB-A419-F46332B7AAA6}.Release|Any CPU.ActiveCfg = Release|Any CPU
		{05C2AD0B-3B03-44FB-A419-F46332B7AAA6}.Release|Any CPU.Build.0 = Release|Any CPU
	EndGlobalSection
	GlobalSection(SolutionProperties) = preSolution
		HideSolutionNode = FALSE
	EndGlobalSection
	GlobalSection(ExtensibilityGlobals) = postSolution
		SolutionGuid = {EE17FCD7-63B9-405A-A714-BD5D9738A03F}
	EndGlobalSection
EndGlobal
