
Microsoft Visual Studio Solution File, Format Version 12.00
# Visual Studio Version 17
VisualStudioVersion = 17.5.33627.172
MinimumVisualStudioVersion = 10.0.40219.1
Project("{FAE04EC0-301F-11D3-BF4B-00C04F79EFBC}") = "TestCasesSubString", "TestCasesSubString\TestCasesSubString.csproj", "{616C704C-52E8-4291-A4FD-E1762171D79C}"
EndProject
Global
	GlobalSection(SolutionConfigurationPlatforms) = preSolution
		Debug|Any CPU = Debug|Any CPU
		Release|Any CPU = Release|Any CPU
	EndGlobalSection
	GlobalSection(ProjectConfigurationPlatforms) = postSolution
		{616C704C-52E8-4291-A4FD-E1762171D79C}.Debug|Any CPU.ActiveCfg = Debug|Any CPU
		{616C704C-52E8-4291-A4FD-E1762171D79C}.Debug|Any CPU.Build.0 = Debug|Any CPU
		{616C704C-52E8-4291-A4FD-E1762171D79C}.Release|Any CPU.ActiveCfg = Release|Any CPU
		{616C704C-52E8-4291-A4FD-E1762171D79C}.Release|Any CPU.Build.0 = Release|Any CPU
	EndGlobalSection
	GlobalSection(SolutionProperties) = preSolution
		HideSolutionNode = FALSE
	EndGlobalSection
	GlobalSection(ExtensibilityGlobals) = postSolution
		SolutionGuid = {AF5F84DA-007B-4972-9D0A-8AF47A47006B}
	EndGlobalSection
EndGlobal
